
Microsoft Visual Studio Solution File, Format Version 12.00
# Visual Studio 15
VisualStudioVersion = 15.0.27703.2035
MinimumVisualStudioVersion = 10.0.40219.1
Project("{FAE04EC0-301F-11D3-BF4B-00C04F79EFBC}") = "Jau", "Jau\Jau.csproj", "{1A48EAC4-67CA-41E5-A64D-3A5F022D4CEC}"
EndProject
Global
	GlobalSection(SolutionConfigurationPlatforms) = preSolution
		Debug|Any CPU = Debug|Any CPU
		Release|Any CPU = Release|Any CPU
	EndGlobalSection
	GlobalSection(ProjectConfigurationPlatforms) = postSolution
		{1A48EAC4-67CA-41E5-A64D-3A5F022D4CEC}.Debug|Any CPU.ActiveCfg = Debug|Any CPU
		{1A48EAC4-67CA-41E5-A64D-3A5F022D4CEC}.Debug|Any CPU.Build.0 = Debug|Any CPU
		{1A48EAC4-67CA-41E5-A64D-3A5F022D4CEC}.Release|Any CPU.ActiveCfg = Release|Any CPU
		{1A48EAC4-67CA-41E5-A64D-3A5F022D4CEC}.Release|Any CPU.Build.0 = Release|Any CPU
	EndGlobalSection
	GlobalSection(SolutionProperties) = preSolution
		HideSolutionNode = FALSE
	EndGlobalSection
	GlobalSection(ExtensibilityGlobals) = postSolution
		SolutionGuid = {80845774-9B14-41C3-9B86-17321B1E5083}
	EndGlobalSection
EndGlobal
